// !$*UTF8*$!
{
	archiveVersion = 1;
	classes = {
	};
	objectVersion = 46;
	objects = {

/* Begin PBXBuildFile section */
		497B4B38DBB34A1D9EEE7157 /* libPods-InfinityPlayerTest.a in Frameworks */ = {isa = PBXBuildFile; fileRef = BE97CC2A2CA6407A93B70EEE /* libPods-InfinityPlayerTest.a */; };
		622B94DF17C8363D00B71523 /* drake-nothing-was-the-same-artwork-2.png in Resources */ = {isa = PBXBuildFile; fileRef = 622B94DE17C8363D00B71523 /* drake-nothing-was-the-same-artwork-2.png */; };
		622B94E217C836D700B71523 /* chronic.png in Resources */ = {isa = PBXBuildFile; fileRef = 622B94E017C836D700B71523 /* chronic.png */; };
		622B94E317C836D700B71523 /* MurakKanye.png in Resources */ = {isa = PBXBuildFile; fileRef = 622B94E117C836D700B71523 /* MurakKanye.png */; };
		6232348017C1A783002BE554 /* MediaPlayer.framework in Frameworks */ = {isa = PBXBuildFile; fileRef = 6232347F17C1A783002BE554 /* MediaPlayer.framework */; };
		6232348617C1A999002BE554 /* 743c90c1.jpg in Resources */ = {isa = PBXBuildFile; fileRef = 6232348317C1A999002BE554 /* 743c90c1.jpg */; };
		6232348C17C1AA8E002BE554 /* IPSongCVCell.m in Sources */ = {isa = PBXBuildFile; fileRef = 6232348B17C1AA8E002BE554 /* IPSongCVCell.m */; };
		6232349017C1B022002BE554 /* UIImageView+GaussianBlur.m in Sources */ = {isa = PBXBuildFile; fileRef = 6232348F17C1B022002BE554 /* UIImageView+GaussianBlur.m */; };
		6232349217C1B27E002BE554 /* CoreImage.framework in Frameworks */ = {isa = PBXBuildFile; fileRef = 6232349117C1B27E002BE554 /* CoreImage.framework */; };
		6232349417C1B287002BE554 /* ImageIO.framework in Frameworks */ = {isa = PBXBuildFile; fileRef = 6232349317C1B287002BE554 /* ImageIO.framework */; };
		6232349817C1BBA7002BE554 /* born_sinner.jpeg in Resources */ = {isa = PBXBuildFile; fileRef = 6232349717C1BBA7002BE554 /* born_sinner.jpeg */; };
		626FDE0D17C153480088B7FF /* UIKit.framework in Frameworks */ = {isa = PBXBuildFile; fileRef = 626FDE0C17C153480088B7FF /* UIKit.framework */; };
		626FDE0F17C153480088B7FF /* Foundation.framework in Frameworks */ = {isa = PBXBuildFile; fileRef = 626FDE0E17C153480088B7FF /* Foundation.framework */; };
		626FDE1117C153480088B7FF /* CoreGraphics.framework in Frameworks */ = {isa = PBXBuildFile; fileRef = 626FDE1017C153480088B7FF /* CoreGraphics.framework */; };
		626FDE1717C153480088B7FF /* InfoPlist.strings in Resources */ = {isa = PBXBuildFile; fileRef = 626FDE1517C153480088B7FF /* InfoPlist.strings */; };
		626FDE1917C153480088B7FF /* main.m in Sources */ = {isa = PBXBuildFile; fileRef = 626FDE1817C153480088B7FF /* main.m */; };
		626FDE1D17C153480088B7FF /* IPAppDelegate.m in Sources */ = {isa = PBXBuildFile; fileRef = 626FDE1C17C153480088B7FF /* IPAppDelegate.m */; };
		626FDE1F17C153480088B7FF /* Default.png in Resources */ = {isa = PBXBuildFile; fileRef = 626FDE1E17C153480088B7FF /* Default.png */; };
		626FDE2117C153480088B7FF /* Default@2x.png in Resources */ = {isa = PBXBuildFile; fileRef = 626FDE2017C153480088B7FF /* Default@2x.png */; };
		626FDE2317C153480088B7FF /* Default-568h@2x.png in Resources */ = {isa = PBXBuildFile; fileRef = 626FDE2217C153480088B7FF /* Default-568h@2x.png */; };
		626FDE3017C153B60088B7FF /* SenTestingKit.framework in Frameworks */ = {isa = PBXBuildFile; fileRef = 626FDE2F17C153B60088B7FF /* SenTestingKit.framework */; };
		626FDE3117C153B60088B7FF /* UIKit.framework in Frameworks */ = {isa = PBXBuildFile; fileRef = 626FDE0C17C153480088B7FF /* UIKit.framework */; };
		626FDE3217C153B60088B7FF /* Foundation.framework in Frameworks */ = {isa = PBXBuildFile; fileRef = 626FDE0E17C153480088B7FF /* Foundation.framework */; };
		626FDE3817C153B60088B7FF /* InfoPlist.strings in Resources */ = {isa = PBXBuildFile; fileRef = 626FDE3617C153B60088B7FF /* InfoPlist.strings */; };
		626FDE3B17C153B60088B7FF /* InfinityPlayerTest.m in Sources */ = {isa = PBXBuildFile; fileRef = 626FDE3A17C153B60088B7FF /* InfinityPlayerTest.m */; };
		62C2C6E317C159A100478B15 /* IPAlbumSpec.m in Sources */ = {isa = PBXBuildFile; fileRef = 62C2C6E217C159A100478B15 /* IPAlbumSpec.m */; };
		62C2C6E617C17B8D00478B15 /* IPMediaInspector.m in Sources */ = {isa = PBXBuildFile; fileRef = 62C2C6E517C17B8D00478B15 /* IPMediaInspector.m */; };
		62C2C6EB17C17CB800478B15 /* MainStoryboard.storyboard in Resources */ = {isa = PBXBuildFile; fileRef = 62C2C6EA17C17CB800478B15 /* MainStoryboard.storyboard */; };
		62C2C6EE17C1805E00478B15 /* IPScanViewController.m in Sources */ = {isa = PBXBuildFile; fileRef = 62C2C6ED17C1805E00478B15 /* IPScanViewController.m */; };
/* End PBXBuildFile section */

/* Begin PBXFileReference section */
		622B94DE17C8363D00B71523 /* drake-nothing-was-the-same-artwork-2.png */ = {isa = PBXFileReference; lastKnownFileType = image.png; path = "drake-nothing-was-the-same-artwork-2.png"; sourceTree = "<group>"; };
		622B94E017C836D700B71523 /* chronic.png */ = {isa = PBXFileReference; lastKnownFileType = image.png; path = chronic.png; sourceTree = "<group>"; };
		622B94E117C836D700B71523 /* MurakKanye.png */ = {isa = PBXFileReference; lastKnownFileType = image.png; path = MurakKanye.png; sourceTree = "<group>"; };
		6232347F17C1A783002BE554 /* MediaPlayer.framework */ = {isa = PBXFileReference; lastKnownFileType = wrapper.framework; name = MediaPlayer.framework; path = System/Library/Frameworks/MediaPlayer.framework; sourceTree = SDKROOT; };
		6232348317C1A999002BE554 /* 743c90c1.jpg */ = {isa = PBXFileReference; lastKnownFileType = image.jpeg; path = 743c90c1.jpg; sourceTree = "<group>"; };
		6232348A17C1AA8E002BE554 /* IPSongCVCell.h */ = {isa = PBXFileReference; fileEncoding = 4; lastKnownFileType = sourcecode.c.h; name = IPSongCVCell.h; path = cells/IPSongCVCell.h; sourceTree = "<group>"; };
		6232348B17C1AA8E002BE554 /* IPSongCVCell.m */ = {isa = PBXFileReference; fileEncoding = 4; lastKnownFileType = sourcecode.c.objc; name = IPSongCVCell.m; path = cells/IPSongCVCell.m; sourceTree = "<group>"; };
		6232348E17C1B022002BE554 /* UIImageView+GaussianBlur.h */ = {isa = PBXFileReference; fileEncoding = 4; lastKnownFileType = sourcecode.c.h; name = "UIImageView+GaussianBlur.h"; path = "Categories/UIImageView+GaussianBlur.h"; sourceTree = "<group>"; };
		6232348F17C1B022002BE554 /* UIImageView+GaussianBlur.m */ = {isa = PBXFileReference; fileEncoding = 4; lastKnownFileType = sourcecode.c.objc; name = "UIImageView+GaussianBlur.m"; path = "Categories/UIImageView+GaussianBlur.m"; sourceTree = "<group>"; };
		6232349117C1B27E002BE554 /* CoreImage.framework */ = {isa = PBXFileReference; lastKnownFileType = wrapper.framework; name = CoreImage.framework; path = System/Library/Frameworks/CoreImage.framework; sourceTree = SDKROOT; };
		6232349317C1B287002BE554 /* ImageIO.framework */ = {isa = PBXFileReference; lastKnownFileType = wrapper.framework; name = ImageIO.framework; path = System/Library/Frameworks/ImageIO.framework; sourceTree = SDKROOT; };
		6232349717C1BBA7002BE554 /* born_sinner.jpeg */ = {isa = PBXFileReference; lastKnownFileType = image.jpeg; path = born_sinner.jpeg; sourceTree = "<group>"; };
		626FDE0917C153480088B7FF /* InfinityPlayer.app */ = {isa = PBXFileReference; explicitFileType = wrapper.application; includeInIndex = 0; path = InfinityPlayer.app; sourceTree = BUILT_PRODUCTS_DIR; };
		626FDE0C17C153480088B7FF /* UIKit.framework */ = {isa = PBXFileReference; lastKnownFileType = wrapper.framework; name = UIKit.framework; path = System/Library/Frameworks/UIKit.framework; sourceTree = SDKROOT; };
		626FDE0E17C153480088B7FF /* Foundation.framework */ = {isa = PBXFileReference; lastKnownFileType = wrapper.framework; name = Foundation.framework; path = System/Library/Frameworks/Foundation.framework; sourceTree = SDKROOT; };
		626FDE1017C153480088B7FF /* CoreGraphics.framework */ = {isa = PBXFileReference; lastKnownFileType = wrapper.framework; name = CoreGraphics.framework; path = System/Library/Frameworks/CoreGraphics.framework; sourceTree = SDKROOT; };
		626FDE1417C153480088B7FF /* InfinityPlayer-Info.plist */ = {isa = PBXFileReference; lastKnownFileType = text.plist.xml; path = "InfinityPlayer-Info.plist"; sourceTree = "<group>"; };
		626FDE1617C153480088B7FF /* en */ = {isa = PBXFileReference; lastKnownFileType = text.plist.strings; name = en; path = en.lproj/InfoPlist.strings; sourceTree = "<group>"; };
		626FDE1817C153480088B7FF /* main.m */ = {isa = PBXFileReference; lastKnownFileType = sourcecode.c.objc; path = main.m; sourceTree = "<group>"; };
		626FDE1A17C153480088B7FF /* InfinityPlayer-Prefix.pch */ = {isa = PBXFileReference; lastKnownFileType = sourcecode.c.h; path = "InfinityPlayer-Prefix.pch"; sourceTree = "<group>"; };
		626FDE1B17C153480088B7FF /* IPAppDelegate.h */ = {isa = PBXFileReference; lastKnownFileType = sourcecode.c.h; path = IPAppDelegate.h; sourceTree = "<group>"; };
		626FDE1C17C153480088B7FF /* IPAppDelegate.m */ = {isa = PBXFileReference; lastKnownFileType = sourcecode.c.objc; path = IPAppDelegate.m; sourceTree = "<group>"; };
		626FDE1E17C153480088B7FF /* Default.png */ = {isa = PBXFileReference; lastKnownFileType = image.png; path = Default.png; sourceTree = "<group>"; };
		626FDE2017C153480088B7FF /* Default@2x.png */ = {isa = PBXFileReference; lastKnownFileType = image.png; path = "Default@2x.png"; sourceTree = "<group>"; };
		626FDE2217C153480088B7FF /* Default-568h@2x.png */ = {isa = PBXFileReference; lastKnownFileType = image.png; path = "Default-568h@2x.png"; sourceTree = "<group>"; };
		626FDE2E17C153B60088B7FF /* InfinityPlayerTest.octest */ = {isa = PBXFileReference; explicitFileType = wrapper.cfbundle; includeInIndex = 0; path = InfinityPlayerTest.octest; sourceTree = BUILT_PRODUCTS_DIR; };
		626FDE2F17C153B60088B7FF /* SenTestingKit.framework */ = {isa = PBXFileReference; lastKnownFileType = wrapper.framework; name = SenTestingKit.framework; path = Library/Frameworks/SenTestingKit.framework; sourceTree = DEVELOPER_DIR; };
		626FDE3517C153B60088B7FF /* InfinityPlayerTest-Info.plist */ = {isa = PBXFileReference; lastKnownFileType = text.plist.xml; path = "InfinityPlayerTest-Info.plist"; sourceTree = "<group>"; };
		626FDE3717C153B60088B7FF /* en */ = {isa = PBXFileReference; lastKnownFileType = text.plist.strings; name = en; path = en.lproj/InfoPlist.strings; sourceTree = "<group>"; };
		626FDE3917C153B60088B7FF /* InfinityPlayerTest.h */ = {isa = PBXFileReference; lastKnownFileType = sourcecode.c.h; path = InfinityPlayerTest.h; sourceTree = "<group>"; };
		626FDE3A17C153B60088B7FF /* InfinityPlayerTest.m */ = {isa = PBXFileReference; lastKnownFileType = sourcecode.c.objc; path = InfinityPlayerTest.m; sourceTree = "<group>"; };
		626FDE3C17C153B60088B7FF /* InfinityPlayerTest-Prefix.pch */ = {isa = PBXFileReference; lastKnownFileType = sourcecode.c.h; path = "InfinityPlayerTest-Prefix.pch"; sourceTree = "<group>"; };
		62C2C6E217C159A100478B15 /* IPAlbumSpec.m */ = {isa = PBXFileReference; fileEncoding = 4; lastKnownFileType = sourcecode.c.objc; path = IPAlbumSpec.m; sourceTree = "<group>"; };
		62C2C6E417C17B8D00478B15 /* IPMediaInspector.h */ = {isa = PBXFileReference; fileEncoding = 4; lastKnownFileType = sourcecode.c.h; path = IPMediaInspector.h; sourceTree = "<group>"; };
		62C2C6E517C17B8D00478B15 /* IPMediaInspector.m */ = {isa = PBXFileReference; fileEncoding = 4; lastKnownFileType = sourcecode.c.objc; path = IPMediaInspector.m; sourceTree = "<group>"; };
		62C2C6EA17C17CB800478B15 /* MainStoryboard.storyboard */ = {isa = PBXFileReference; fileEncoding = 4; lastKnownFileType = file.storyboard; path = MainStoryboard.storyboard; sourceTree = "<group>"; };
		62C2C6EC17C1805E00478B15 /* IPScanViewController.h */ = {isa = PBXFileReference; fileEncoding = 4; lastKnownFileType = sourcecode.c.h; path = IPScanViewController.h; sourceTree = "<group>"; };
		62C2C6ED17C1805E00478B15 /* IPScanViewController.m */ = {isa = PBXFileReference; fileEncoding = 4; lastKnownFileType = sourcecode.c.objc; path = IPScanViewController.m; sourceTree = "<group>"; };
		936945CF3F044F00A0E0FDB1 /* Pods-InfinityPlayerTest.xcconfig */ = {isa = PBXFileReference; includeInIndex = 1; lastKnownFileType = text.xcconfig; name = "Pods-InfinityPlayerTest.xcconfig"; path = "Pods/Pods-InfinityPlayerTest.xcconfig"; sourceTree = SOURCE_ROOT; };
		BE97CC2A2CA6407A93B70EEE /* libPods-InfinityPlayerTest.a */ = {isa = PBXFileReference; explicitFileType = archive.ar; includeInIndex = 0; path = "libPods-InfinityPlayerTest.a"; sourceTree = BUILT_PRODUCTS_DIR; };
/* End PBXFileReference section */

/* Begin PBXFrameworksBuildPhase section */
		626FDE0617C153480088B7FF /* Frameworks */ = {
			isa = PBXFrameworksBuildPhase;
			buildActionMask = 2147483647;
			files = (
				6232349417C1B287002BE554 /* ImageIO.framework in Frameworks */,
				6232349217C1B27E002BE554 /* CoreImage.framework in Frameworks */,
				6232348017C1A783002BE554 /* MediaPlayer.framework in Frameworks */,
				626FDE0D17C153480088B7FF /* UIKit.framework in Frameworks */,
				626FDE0F17C153480088B7FF /* Foundation.framework in Frameworks */,
				626FDE1117C153480088B7FF /* CoreGraphics.framework in Frameworks */,
			);
			runOnlyForDeploymentPostprocessing = 0;
		};
		626FDE2A17C153B60088B7FF /* Frameworks */ = {
			isa = PBXFrameworksBuildPhase;
			buildActionMask = 2147483647;
			files = (
				626FDE3017C153B60088B7FF /* SenTestingKit.framework in Frameworks */,
				626FDE3117C153B60088B7FF /* UIKit.framework in Frameworks */,
				626FDE3217C153B60088B7FF /* Foundation.framework in Frameworks */,
				497B4B38DBB34A1D9EEE7157 /* libPods-InfinityPlayerTest.a in Frameworks */,
			);
			runOnlyForDeploymentPostprocessing = 0;
		};
/* End PBXFrameworksBuildPhase section */

/* Begin PBXGroup section */
		6232348117C1A815002BE554 /* MediaDisplay */ = {
			isa = PBXGroup;
			children = (
				62C2C6EC17C1805E00478B15 /* IPScanViewController.h */,
				62C2C6ED17C1805E00478B15 /* IPScanViewController.m */,
				6232348A17C1AA8E002BE554 /* IPSongCVCell.h */,
				6232348B17C1AA8E002BE554 /* IPSongCVCell.m */,
			);
			name = MediaDisplay;
			sourceTree = "<group>";
		};
		6232348217C1A999002BE554 /* AlbumArt */ = {
			isa = PBXGroup;
			children = (
				6232348317C1A999002BE554 /* 743c90c1.jpg */,
				622B94E017C836D700B71523 /* chronic.png */,
				622B94E117C836D700B71523 /* MurakKanye.png */,
				6232349717C1BBA7002BE554 /* born_sinner.jpeg */,
				622B94DE17C8363D00B71523 /* drake-nothing-was-the-same-artwork-2.png */,
			);
			path = AlbumArt;
			sourceTree = "<group>";
		};
		6232348917C1A9A8002BE554 /* images */ = {
			isa = PBXGroup;
			children = (
				6232348217C1A999002BE554 /* AlbumArt */,
			);
			name = images;
			sourceTree = "<group>";
		};
		6232348D17C1AE7B002BE554 /* Blurs */ = {
			isa = PBXGroup;
			children = (
				6232348E17C1B022002BE554 /* UIImageView+GaussianBlur.h */,
				6232348F17C1B022002BE554 /* UIImageView+GaussianBlur.m */,
			);
			name = Blurs;
			sourceTree = "<group>";
		};
		626FDE0017C153480088B7FF = {
			isa = PBXGroup;
			children = (
				626FDE1217C153480088B7FF /* InfinityPlayer */,
				626FDE3317C153B60088B7FF /* InfinityPlayerTest */,
				626FDE0B17C153480088B7FF /* Frameworks */,
				626FDE0A17C153480088B7FF /* Products */,
				936945CF3F044F00A0E0FDB1 /* Pods-InfinityPlayerTest.xcconfig */,
			);
			sourceTree = "<group>";
		};
		626FDE0A17C153480088B7FF /* Products */ = {
			isa = PBXGroup;
			children = (
				626FDE0917C153480088B7FF /* InfinityPlayer.app */,
				626FDE2E17C153B60088B7FF /* InfinityPlayerTest.octest */,
			);
			name = Products;
			sourceTree = "<group>";
		};
		626FDE0B17C153480088B7FF /* Frameworks */ = {
			isa = PBXGroup;
			children = (
				6232349317C1B287002BE554 /* ImageIO.framework */,
				6232349117C1B27E002BE554 /* CoreImage.framework */,
				6232347F17C1A783002BE554 /* MediaPlayer.framework */,
				626FDE0C17C153480088B7FF /* UIKit.framework */,
				626FDE0E17C153480088B7FF /* Foundation.framework */,
				626FDE1017C153480088B7FF /* CoreGraphics.framework */,
				626FDE2F17C153B60088B7FF /* SenTestingKit.framework */,
				BE97CC2A2CA6407A93B70EEE /* libPods-InfinityPlayerTest.a */,
			);
			name = Frameworks;
			sourceTree = "<group>";
		};
		626FDE1217C153480088B7FF /* InfinityPlayer */ = {
			isa = PBXGroup;
			children = (
				62C2C6EA17C17CB800478B15 /* MainStoryboard.storyboard */,
				6232348D17C1AE7B002BE554 /* Blurs */,
				6232348917C1A9A8002BE554 /* images */,
				6232348117C1A815002BE554 /* MediaDisplay */,
				626FDE1317C153480088B7FF /* Supporting Files */,
				626FDE1B17C153480088B7FF /* IPAppDelegate.h */,
				626FDE1C17C153480088B7FF /* IPAppDelegate.m */,
				62C2C6E417C17B8D00478B15 /* IPMediaInspector.h */,
				62C2C6E517C17B8D00478B15 /* IPMediaInspector.m */,
			);
			path = InfinityPlayer;
			sourceTree = "<group>";
		};
		626FDE1317C153480088B7FF /* Supporting Files */ = {
			isa = PBXGroup;
			children = (
				626FDE1417C153480088B7FF /* InfinityPlayer-Info.plist */,
				626FDE1517C153480088B7FF /* InfoPlist.strings */,
				626FDE1817C153480088B7FF /* main.m */,
				626FDE1A17C153480088B7FF /* InfinityPlayer-Prefix.pch */,
				626FDE1E17C153480088B7FF /* Default.png */,
				626FDE2017C153480088B7FF /* Default@2x.png */,
				626FDE2217C153480088B7FF /* Default-568h@2x.png */,
			);
			name = "Supporting Files";
			sourceTree = "<group>";
		};
		626FDE3317C153B60088B7FF /* InfinityPlayerTest */ = {
			isa = PBXGroup;
			children = (
				626FDE3917C153B60088B7FF /* InfinityPlayerTest.h */,
				626FDE3A17C153B60088B7FF /* InfinityPlayerTest.m */,
				626FDE3417C153B60088B7FF /* Supporting Files */,
				62C2C6E217C159A100478B15 /* IPAlbumSpec.m */,
			);
			path = InfinityPlayerTest;
			sourceTree = "<group>";
		};
		626FDE3417C153B60088B7FF /* Supporting Files */ = {
			isa = PBXGroup;
			children = (
				626FDE3517C153B60088B7FF /* InfinityPlayerTest-Info.plist */,
				626FDE3617C153B60088B7FF /* InfoPlist.strings */,
				626FDE3C17C153B60088B7FF /* InfinityPlayerTest-Prefix.pch */,
			);
			name = "Supporting Files";
			sourceTree = "<group>";
		};
/* End PBXGroup section */

/* Begin PBXNativeTarget section */
		626FDE0817C153480088B7FF /* InfinityPlayer */ = {
			isa = PBXNativeTarget;
			buildConfigurationList = 626FDE2617C153480088B7FF /* Build configuration list for PBXNativeTarget "InfinityPlayer" */;
			buildPhases = (
				626FDE0517C153480088B7FF /* Sources */,
				626FDE0617C153480088B7FF /* Frameworks */,
				626FDE0717C153480088B7FF /* Resources */,
			);
			buildRules = (
			);
			dependencies = (
			);
			name = InfinityPlayer;
			productName = InfinityPlayer;
			productReference = 626FDE0917C153480088B7FF /* InfinityPlayer.app */;
			productType = "com.apple.product-type.application";
		};
		626FDE2D17C153B60088B7FF /* InfinityPlayerTest */ = {
			isa = PBXNativeTarget;
			buildConfigurationList = 626FDE3D17C153B60088B7FF /* Build configuration list for PBXNativeTarget "InfinityPlayerTest" */;
			buildPhases = (
				A2B7664BFD3D45468071CF5F /* Check Pods Manifest.lock */,
				626FDE2917C153B60088B7FF /* Sources */,
				626FDE2A17C153B60088B7FF /* Frameworks */,
				626FDE2B17C153B60088B7FF /* Resources */,
				626FDE2C17C153B60088B7FF /* ShellScript */,
				863E6C5993AF4CE991AE1038 /* Copy Pods Resources */,
			);
			buildRules = (
			);
			dependencies = (
			);
			name = InfinityPlayerTest;
			productName = InfinityPlayerTest;
			productReference = 626FDE2E17C153B60088B7FF /* InfinityPlayerTest.octest */;
			productType = "com.apple.product-type.bundle";
		};
/* End PBXNativeTarget section */

/* Begin PBXProject section */
		626FDE0117C153480088B7FF /* Project object */ = {
			isa = PBXProject;
			attributes = {
				CLASSPREFIX = IP;
				LastUpgradeCheck = 0460;
				ORGANIZATIONNAME = JMM;
				TargetAttributes = {
					626FDE0817C153480088B7FF = {
						DevelopmentTeam = 2BRYAM5Q52;
					};
				};
			};
			buildConfigurationList = 626FDE0417C153480088B7FF /* Build configuration list for PBXProject "InfinityPlayer" */;
			compatibilityVersion = "Xcode 3.2";
			developmentRegion = English;
			hasScannedForEncodings = 0;
			knownRegions = (
				en,
			);
			mainGroup = 626FDE0017C153480088B7FF;
			productRefGroup = 626FDE0A17C153480088B7FF /* Products */;
			projectDirPath = "";
			projectRoot = "";
			targets = (
				626FDE0817C153480088B7FF /* InfinityPlayer */,
				626FDE2D17C153B60088B7FF /* InfinityPlayerTest */,
			);
		};
/* End PBXProject section */

/* Begin PBXResourcesBuildPhase section */
		626FDE0717C153480088B7FF /* Resources */ = {
			isa = PBXResourcesBuildPhase;
			buildActionMask = 2147483647;
			files = (
				626FDE1717C153480088B7FF /* InfoPlist.strings in Resources */,
				626FDE1F17C153480088B7FF /* Default.png in Resources */,
				622B94E217C836D700B71523 /* chronic.png in Resources */,
				622B94E317C836D700B71523 /* MurakKanye.png in Resources */,
				626FDE2117C153480088B7FF /* Default@2x.png in Resources */,
				626FDE2317C153480088B7FF /* Default-568h@2x.png in Resources */,
				62C2C6EB17C17CB800478B15 /* MainStoryboard.storyboard in Resources */,
				622B94DF17C8363D00B71523 /* drake-nothing-was-the-same-artwork-2.png in Resources */,
				6232348617C1A999002BE554 /* 743c90c1.jpg in Resources */,
				6232349817C1BBA7002BE554 /* born_sinner.jpeg in Resources */,
			);
			runOnlyForDeploymentPostprocessing = 0;
		};
		626FDE2B17C153B60088B7FF /* Resources */ = {
			isa = PBXResourcesBuildPhase;
			buildActionMask = 2147483647;
			files = (
				626FDE3817C153B60088B7FF /* InfoPlist.strings in Resources */,
			);
			runOnlyForDeploymentPostprocessing = 0;
		};
/* End PBXResourcesBuildPhase section */

/* Begin PBXShellScriptBuildPhase section */
		626FDE2C17C153B60088B7FF /* ShellScript */ = {
			isa = PBXShellScriptBuildPhase;
			buildActionMask = 2147483647;
			files = (
			);
			inputPaths = (
			);
			outputPaths = (
			);
			runOnlyForDeploymentPostprocessing = 0;
			shellPath = /bin/sh;
			shellScript = "# Run the unit tests in this test bundle.\n\"${SYSTEM_DEVELOPER_DIR}/Tools/RunUnitTests\"\n";
		};
		863E6C5993AF4CE991AE1038 /* Copy Pods Resources */ = {
			isa = PBXShellScriptBuildPhase;
			buildActionMask = 2147483647;
			files = (
			);
			inputPaths = (
			);
			name = "Copy Pods Resources";
			outputPaths = (
			);
			runOnlyForDeploymentPostprocessing = 0;
			shellPath = /bin/sh;
			shellScript = "\"${SRCROOT}/Pods/Pods-InfinityPlayerTest-resources.sh\"\n";
			showEnvVarsInLog = 0;
		};
		A2B7664BFD3D45468071CF5F /* Check Pods Manifest.lock */ = {
			isa = PBXShellScriptBuildPhase;
			buildActionMask = 2147483647;
			files = (
			);
			inputPaths = (
			);
			name = "Check Pods Manifest.lock";
			outputPaths = (
			);
			runOnlyForDeploymentPostprocessing = 0;
			shellPath = /bin/sh;
			shellScript = "diff \"${PODS_ROOT}/../Podfile.lock\" \"${PODS_ROOT}/Manifest.lock\" > /dev/null\nif [[ $? != 0 ]] ; then\n    cat << EOM\nerror: The sandbox is not in sync with the Podfile.lock. Run 'pod install' or update your CocoaPods installation.\nEOM\n    exit 1\nfi\n";
			showEnvVarsInLog = 0;
		};
/* End PBXShellScriptBuildPhase section */

/* Begin PBXSourcesBuildPhase section */
		626FDE0517C153480088B7FF /* Sources */ = {
			isa = PBXSourcesBuildPhase;
			buildActionMask = 2147483647;
			files = (
				626FDE1917C153480088B7FF /* main.m in Sources */,
				626FDE1D17C153480088B7FF /* IPAppDelegate.m in Sources */,
				62C2C6E617C17B8D00478B15 /* IPMediaInspector.m in Sources */,
				62C2C6EE17C1805E00478B15 /* IPScanViewController.m in Sources */,
				6232348C17C1AA8E002BE554 /* IPSongCVCell.m in Sources */,
				6232349017C1B022002BE554 /* UIImageView+GaussianBlur.m in Sources */,
			);
			runOnlyForDeploymentPostprocessing = 0;
		};
		626FDE2917C153B60088B7FF /* Sources */ = {
			isa = PBXSourcesBuildPhase;
			buildActionMask = 2147483647;
			files = (
				626FDE3B17C153B60088B7FF /* InfinityPlayerTest.m in Sources */,
				62C2C6E317C159A100478B15 /* IPAlbumSpec.m in Sources */,
			);
			runOnlyForDeploymentPostprocessing = 0;
		};
/* End PBXSourcesBuildPhase section */

/* Begin PBXVariantGroup section */
		626FDE1517C153480088B7FF /* InfoPlist.strings */ = {
			isa = PBXVariantGroup;
			children = (
				626FDE1617C153480088B7FF /* en */,
			);
			name = InfoPlist.strings;
			sourceTree = "<group>";
		};
		626FDE3617C153B60088B7FF /* InfoPlist.strings */ = {
			isa = PBXVariantGroup;
			children = (
				626FDE3717C153B60088B7FF /* en */,
			);
			name = InfoPlist.strings;
			sourceTree = "<group>";
		};
/* End PBXVariantGroup section */

/* Begin XCBuildConfiguration section */
		626FDE2417C153480088B7FF /* Debug */ = {
			isa = XCBuildConfiguration;
			buildSettings = {
				ALWAYS_SEARCH_USER_PATHS = NO;
				CLANG_CXX_LANGUAGE_STANDARD = "gnu++0x";
				CLANG_CXX_LIBRARY = "libc++";
				CLANG_ENABLE_OBJC_ARC = YES;
				CLANG_WARN_CONSTANT_CONVERSION = YES;
				CLANG_WARN_EMPTY_BODY = YES;
				CLANG_WARN_ENUM_CONVERSION = YES;
				CLANG_WARN_INT_CONVERSION = YES;
				CLANG_WARN__DUPLICATE_METHOD_MATCH = YES;
				CODE_SIGN_IDENTITY = "iPhone Developer: Vivek Raman (24PCQT5G48)";
				"CODE_SIGN_IDENTITY[sdk=iphoneos*]" = "iPhone Developer: Vivek Raman (24PCQT5G48)";
				COPY_PHASE_STRIP = NO;
				GCC_C_LANGUAGE_STANDARD = gnu99;
				GCC_DYNAMIC_NO_PIC = NO;
				GCC_OPTIMIZATION_LEVEL = 0;
				GCC_PREPROCESSOR_DEFINITIONS = (
					"DEBUG=1",
					"$(inherited)",
				);
				GCC_SYMBOLS_PRIVATE_EXTERN = NO;
				GCC_WARN_ABOUT_RETURN_TYPE = YES;
				GCC_WARN_UNINITIALIZED_AUTOS = YES;
				GCC_WARN_UNUSED_VARIABLE = YES;
				IPHONEOS_DEPLOYMENT_TARGET = 6.1;
				ONLY_ACTIVE_ARCH = YES;
				PROVISIONING_PROFILE = "0E81D039-D668-4A72-ABD9-0B9B1A7DA3B5";
				"PROVISIONING_PROFILE[sdk=iphoneos*]" = "0E81D039-D668-4A72-ABD9-0B9B1A7DA3B5";
				SDKROOT = iphoneos;
				TARGETED_DEVICE_FAMILY = "1,2";
			};
			name = Debug;
		};
		626FDE2517C153480088B7FF /* Release */ = {
			isa = XCBuildConfiguration;
			buildSettings = {
				ALWAYS_SEARCH_USER_PATHS = NO;
				CLANG_CXX_LANGUAGE_STANDARD = "gnu++0x";
				CLANG_CXX_LIBRARY = "libc++";
				CLANG_ENABLE_OBJC_ARC = YES;
				CLANG_WARN_CONSTANT_CONVERSION = YES;
				CLANG_WARN_EMPTY_BODY = YES;
				CLANG_WARN_ENUM_CONVERSION = YES;
				CLANG_WARN_INT_CONVERSION = YES;
				CLANG_WARN__DUPLICATE_METHOD_MATCH = YES;
				"CODE_SIGN_IDENTITY[sdk=iphoneos*]" = "iPhone Developer";
				COPY_PHASE_STRIP = YES;
				GCC_C_LANGUAGE_STANDARD = gnu99;
				GCC_WARN_ABOUT_RETURN_TYPE = YES;
				GCC_WARN_UNINITIALIZED_AUTOS = YES;
				GCC_WARN_UNUSED_VARIABLE = YES;
				IPHONEOS_DEPLOYMENT_TARGET = 6.1;
				OTHER_CFLAGS = "-DNS_BLOCK_ASSERTIONS=1";
				SDKROOT = iphoneos;
				TARGETED_DEVICE_FAMILY = "1,2";
				VALIDATE_PRODUCT = YES;
			};
			name = Release;
		};
		626FDE2717C153480088B7FF /* Debug */ = {
			isa = XCBuildConfiguration;
			buildSettings = {
				CODE_SIGN_IDENTITY = "iPhone Developer: Justin Martin (6DMVFK5DDN)";
				"CODE_SIGN_IDENTITY[sdk=iphoneos*]" = "iPhone Developer: Justin Martin (6DMVFK5DDN)";
				GCC_PRECOMPILE_PREFIX_HEADER = YES;
				GCC_PREFIX_HEADER = "InfinityPlayer/InfinityPlayer-Prefix.pch";
				INFOPLIST_FILE = "InfinityPlayer/InfinityPlayer-Info.plist";
				IPHONEOS_DEPLOYMENT_TARGET = 7.0;
				PRODUCT_NAME = "$(TARGET_NAME)";
				PROVISIONING_PROFILE = "";
				"PROVISIONING_PROFILE[sdk=iphoneos*]" = "";
				WRAPPER_EXTENSION = app;
			};
			name = Debug;
		};
		626FDE2817C153480088B7FF /* Release */ = {
			isa = XCBuildConfiguration;
			buildSettings = {
				CODE_SIGN_IDENTITY = "iPhone Developer";
				"CODE_SIGN_IDENTITY[sdk=iphoneos*]" = "iPhone Developer";
				GCC_PRECOMPILE_PREFIX_HEADER = YES;
				GCC_PREFIX_HEADER = "InfinityPlayer/InfinityPlayer-Prefix.pch";
				INFOPLIST_FILE = "InfinityPlayer/InfinityPlayer-Info.plist";
				IPHONEOS_DEPLOYMENT_TARGET = 7.0;
				PRODUCT_NAME = "$(TARGET_NAME)";
				PROVISIONING_PROFILE = "";
				WRAPPER_EXTENSION = app;
			};
			name = Release;
		};
		626FDE3E17C153B60088B7FF /* Debug */ = {
			isa = XCBuildConfiguration;
			baseConfigurationReference = 936945CF3F044F00A0E0FDB1 /* Pods-InfinityPlayerTest.xcconfig */;
			buildSettings = {
				BUNDLE_LOADER = "$(BUILT_PRODUCTS_DIR)/InfinityPlayer.app/InfinityPlayer";
				FRAMEWORK_SEARCH_PATHS = (
					"\"$(SDKROOT)/Developer/Library/Frameworks\"",
					"\"$(DEVELOPER_LIBRARY_DIR)/Frameworks\"",
				);
				GCC_PRECOMPILE_PREFIX_HEADER = YES;
				GCC_PREFIX_HEADER = "InfinityPlayerTest/InfinityPlayerTest-Prefix.pch";
				INFOPLIST_FILE = "InfinityPlayerTest/InfinityPlayerTest-Info.plist";
				PRODUCT_NAME = "$(TARGET_NAME)";
				TEST_HOST = "$(BUNDLE_LOADER)";
				WRAPPER_EXTENSION = octest;
			};
			name = Debug;
		};
		626FDE3F17C153B60088B7FF /* Release */ = {
			isa = XCBuildConfiguration;
			baseConfigurationReference = 936945CF3F044F00A0E0FDB1 /* Pods-InfinityPlayerTest.xcconfig */;
			buildSettings = {
				BUNDLE_LOADER = "$(BUILT_PRODUCTS_DIR)/InfinityPlayer.app/InfinityPlayer";
				FRAMEWORK_SEARCH_PATHS = (
					"\"$(SDKROOT)/Developer/Library/Frameworks\"",
					"\"$(DEVELOPER_LIBRARY_DIR)/Frameworks\"",
				);
				GCC_PRECOMPILE_PREFIX_HEADER = YES;
				GCC_PREFIX_HEADER = "InfinityPlayerTest/InfinityPlayerTest-Prefix.pch";
				INFOPLIST_FILE = "InfinityPlayerTest/InfinityPlayerTest-Info.plist";
				PRODUCT_NAME = "$(TARGET_NAME)";
				TEST_HOST = "$(BUNDLE_LOADER)";
				WRAPPER_EXTENSION = octest;
			};
			name = Release;
		};
/* End XCBuildConfiguration section */

/* Begin XCConfigurationList section */
		626FDE0417C153480088B7FF /* Build configuration list for PBXProject "InfinityPlayer" */ = {
			isa = XCConfigurationList;
			buildConfigurations = (
				626FDE2417C153480088B7FF /* Debug */,
				626FDE2517C153480088B7FF /* Release */,
			);
			defaultConfigurationIsVisible = 0;
			defaultConfigurationName = Release;
		};
		626FDE2617C153480088B7FF /* Build configuration list for PBXNativeTarget "InfinityPlayer" */ = {
			isa = XCConfigurationList;
			buildConfigurations = (
				626FDE2717C153480088B7FF /* Debug */,
				626FDE2817C153480088B7FF /* Release */,
			);
			defaultConfigurationIsVisible = 0;
			defaultConfigurationName = Release;
		};
		626FDE3D17C153B60088B7FF /* Build configuration list for PBXNativeTarget "InfinityPlayerTest" */ = {
			isa = XCConfigurationList;
			buildConfigurations = (
				626FDE3E17C153B60088B7FF /* Debug */,
				626FDE3F17C153B60088B7FF /* Release */,
			);
			defaultConfigurationIsVisible = 0;
			defaultConfigurationName = Release;
		};
/* End XCConfigurationList section */
	};
	rootObject = 626FDE0117C153480088B7FF /* Project object */;
}
